
Microsoft Visual Studio Solution File, Format Version 12.00
# Visual Studio Version 16
VisualStudioVersion = 16.0.30611.23
MinimumVisualStudioVersion = 10.0.40219.1
Project("{2150E333-8FDC-42A3-9474-1A3956D46DE8}") = "1 - Data", "1 - Data", "{566517B0-E1A3-4CD3-92D1-7BF6B04BAE50}"
EndProject
Project("{2150E333-8FDC-42A3-9474-1A3956D46DE8}") = "2 - Service", "2 - Service", "{E09DF8E9-E294-4820-8895-E29EA55B9430}"
EndProject
Project("{2150E333-8FDC-42A3-9474-1A3956D46DE8}") = "3 - Presentation", "3 - Presentation", "{593BA641-F3C2-44BC-9FB0-956E54DC3EAD}"
EndProject
Project("{FAE04EC0-301F-11D3-BF4B-00C04F79EFBC}") = "SquirrelUi", "SquirrelUi\SquirrelUi.csproj", "{69E6EC7B-F1BB-4DB5-979F-FC5C04262EE3}"
EndProject
Project("{FAE04EC0-301F-11D3-BF4B-00C04F79EFBC}") = "SquirrelService", "SquirrelService\SquirrelService.csproj", "{FF50A8E3-227A-449C-9BE5-1CF0894587C3}"
EndProject
Project("{FAE04EC0-301F-11D3-BF4B-00C04F79EFBC}") = "SquirrelData", "SquirrelData\SquirrelData.csproj", "{E60EBA85-3EB0-47F6-AF46-5B59C481E188}"
EndProject
Global
	GlobalSection(SolutionConfigurationPlatforms) = preSolution
		Debug|Any CPU = Debug|Any CPU
		Release|Any CPU = Release|Any CPU
	EndGlobalSection
	GlobalSection(ProjectConfigurationPlatforms) = postSolution
		{69E6EC7B-F1BB-4DB5-979F-FC5C04262EE3}.Debug|Any CPU.ActiveCfg = Debug|Any CPU
		{69E6EC7B-F1BB-4DB5-979F-FC5C04262EE3}.Debug|Any CPU.Build.0 = Debug|Any CPU
		{69E6EC7B-F1BB-4DB5-979F-FC5C04262EE3}.Release|Any CPU.ActiveCfg = Release|Any CPU
		{69E6EC7B-F1BB-4DB5-979F-FC5C04262EE3}.Release|Any CPU.Build.0 = Release|Any CPU
		{FF50A8E3-227A-449C-9BE5-1CF0894587C3}.Debug|Any CPU.ActiveCfg = Debug|Any CPU
		{FF50A8E3-227A-449C-9BE5-1CF0894587C3}.Debug|Any CPU.Build.0 = Debug|Any CPU
		{FF50A8E3-227A-449C-9BE5-1CF0894587C3}.Release|Any CPU.ActiveCfg = Release|Any CPU
		{FF50A8E3-227A-449C-9BE5-1CF0894587C3}.Release|Any CPU.Build.0 = Release|Any CPU
		{E60EBA85-3EB0-47F6-AF46-5B59C481E188}.Debug|Any CPU.ActiveCfg = Debug|Any CPU
		{E60EBA85-3EB0-47F6-AF46-5B59C481E188}.Debug|Any CPU.Build.0 = Debug|Any CPU
		{E60EBA85-3EB0-47F6-AF46-5B59C481E188}.Release|Any CPU.ActiveCfg = Release|Any CPU
		{E60EBA85-3EB0-47F6-AF46-5B59C481E188}.Release|Any CPU.Build.0 = Release|Any CPU
	EndGlobalSection
	GlobalSection(SolutionProperties) = preSolution
		HideSolutionNode = FALSE
	EndGlobalSection
	GlobalSection(NestedProjects) = preSolution
		{69E6EC7B-F1BB-4DB5-979F-FC5C04262EE3} = {593BA641-F3C2-44BC-9FB0-956E54DC3EAD}
		{FF50A8E3-227A-449C-9BE5-1CF0894587C3} = {E09DF8E9-E294-4820-8895-E29EA55B9430}
		{E60EBA85-3EB0-47F6-AF46-5B59C481E188} = {566517B0-E1A3-4CD3-92D1-7BF6B04BAE50}
	EndGlobalSection
	GlobalSection(ExtensibilityGlobals) = postSolution
		SolutionGuid = {C8941CED-0280-4277-9C72-CF8667C9E9DF}
	EndGlobalSection
EndGlobal
